
Microsoft Visual Studio Solution File, Format Version 12.00
# Visual Studio 15
VisualStudioVersion = 15.0.28307.489
MinimumVisualStudioVersion = 10.0.40219.1
Project("{8BC9CEB8-8B4A-11D0-8D11-00A0C91BC942}") = "BigIntCalculator", "BigIntCalculator.vcxproj", "{221FFA2E-52EA-4C92-9FF3-43C571902168}"
EndProject
Project("{8BC9CEB8-8B4A-11D0-8D11-00A0C91BC942}") = "Int128", "..\Int128\Int128.vcxproj", "{22C9F9CD-BC31-4C46-B396-5039BABE49C4}"
EndProject
Project("{8BC9CEB8-8B4A-11D0-8D11-00A0C91BC942}") = "wintee", "..\wintee\wintee.vcxproj", "{B1DFFC30-8131-4095-A107-AE750BDB0EE8}"
EndProject
Global
	GlobalSection(SolutionConfigurationPlatforms) = preSolution
		Debug|x64 = Debug|x64
		Debug|x86 = Debug|x86
		Release|x64 = Release|x64
		Release|x86 = Release|x86
	EndGlobalSection
	GlobalSection(ProjectConfigurationPlatforms) = postSolution
		{221FFA2E-52EA-4C92-9FF3-43C571902168}.Debug|x64.ActiveCfg = Debug|x64
		{221FFA2E-52EA-4C92-9FF3-43C571902168}.Debug|x64.Build.0 = Debug|x64
		{221FFA2E-52EA-4C92-9FF3-43C571902168}.Debug|x86.ActiveCfg = Debug|Win32
		{221FFA2E-52EA-4C92-9FF3-43C571902168}.Debug|x86.Build.0 = Debug|Win32
		{221FFA2E-52EA-4C92-9FF3-43C571902168}.Release|x64.ActiveCfg = Release|x64
		{221FFA2E-52EA-4C92-9FF3-43C571902168}.Release|x64.Build.0 = Release|x64
		{221FFA2E-52EA-4C92-9FF3-43C571902168}.Release|x86.ActiveCfg = Release|Win32
		{221FFA2E-52EA-4C92-9FF3-43C571902168}.Release|x86.Build.0 = Release|Win32
		{22C9F9CD-BC31-4C46-B396-5039BABE49C4}.Debug|x64.ActiveCfg = Debug|x64
		{22C9F9CD-BC31-4C46-B396-5039BABE49C4}.Debug|x64.Build.0 = Debug|x64
		{22C9F9CD-BC31-4C46-B396-5039BABE49C4}.Debug|x86.ActiveCfg = Debug|Win32
		{22C9F9CD-BC31-4C46-B396-5039BABE49C4}.Debug|x86.Build.0 = Debug|Win32
		{22C9F9CD-BC31-4C46-B396-5039BABE49C4}.Release|x64.ActiveCfg = Release|x64
		{22C9F9CD-BC31-4C46-B396-5039BABE49C4}.Release|x64.Build.0 = Release|x64
		{22C9F9CD-BC31-4C46-B396-5039BABE49C4}.Release|x86.ActiveCfg = Release|Win32
		{22C9F9CD-BC31-4C46-B396-5039BABE49C4}.Release|x86.Build.0 = Release|Win32
		{B1DFFC30-8131-4095-A107-AE750BDB0EE8}.Debug|x64.ActiveCfg = Debug|x64
		{B1DFFC30-8131-4095-A107-AE750BDB0EE8}.Debug|x64.Build.0 = Debug|x64
		{B1DFFC30-8131-4095-A107-AE750BDB0EE8}.Debug|x86.ActiveCfg = Debug|Win32
		{B1DFFC30-8131-4095-A107-AE750BDB0EE8}.Debug|x86.Build.0 = Debug|Win32
		{B1DFFC30-8131-4095-A107-AE750BDB0EE8}.Release|x64.ActiveCfg = Release|x64
		{B1DFFC30-8131-4095-A107-AE750BDB0EE8}.Release|x64.Build.0 = Release|x64
		{B1DFFC30-8131-4095-A107-AE750BDB0EE8}.Release|x86.ActiveCfg = Release|Win32
		{B1DFFC30-8131-4095-A107-AE750BDB0EE8}.Release|x86.Build.0 = Release|Win32
	EndGlobalSection
	GlobalSection(SolutionProperties) = preSolution
		HideSolutionNode = FALSE
	EndGlobalSection
	GlobalSection(ExtensibilityGlobals) = postSolution
		SolutionGuid = {A6D614BE-920A-4EBA-A4CC-DDB6379A057B}
	EndGlobalSection
	GlobalSection(Performance) = preSolution
		HasPerformanceSessions = true
	EndGlobalSection
EndGlobal
